// !$*UTF8*$!
{
	archiveVersion = 1;
	classes = {
	};
	objectVersion = 56;
	objects = {

/* Begin PBXBuildFile section */
		0F2396492F895E7400FC9A0D /* Student_Assignment_ReminderApp.swift in Sources */ = {isa = PBXBuildFile; fileRef = 0F2396482F895E7400FC9A0D /* Student_Assignment_ReminderApp.swift */; };
		0F23964B2F895E7400FC9A0D /* ContentView.swift in Sources */ = {isa = PBXBuildFile; fileRef = 0F23964A2F895E7400FC9A0D /* ContentView.swift */; };
		0F23964D2F895E7600FC9A0D /* Assets.xcassets in Resources */ = {isa = PBXBuildFile; fileRef = 0F23964C2F895E7600FC9A0D /* Assets.xcassets */; };
		0F2396502F895E7600FC9A0D /* Preview Assets.xcassets in Resources */ = {isa = PBXBuildFile; fileRef = 0F23964F2F895E7600FC9A0D /* Preview Assets.xcassets */; };
		0F23965A2F895E7600FC9A0D /* Student_Assignment_ReminderTests.swift in Sources */ = {isa = PBXBuildFile; fileRef = 0F2396592F895E7600FC9A0D /* Student_Assignment_ReminderTests.swift */; };
		0F2396642F895E7600FC9A0D /* Student_Assignment_ReminderUITests.swift in Sources */ = {isa = PBXBuildFile; fileRef = 0F2396632F895E7600FC9A0D /* Student_Assignment_ReminderUITests.swift */; };
		0F2396662F895E7600FC9A0D /* Student_Assignment_ReminderUITestsLaunchTests.swift in Sources */ = {isa = PBXBuildFile; fileRef = 0F2396652F895E7600FC9A0D /* Student_Assignment_ReminderUITestsLaunchTests.swift */; };
/* End PBXBuildFile section */

/* Begin PBXContainerItemProxy section */
		0F2396562F895E7600FC9A0D /* PBXContainerItemProxy */ = {
			isa = PBXContainerItemProxy;
			containerPortal = 0F23963D2F895E7400FC9A0D /* Project object */;
			proxyType = 1;
			remoteGlobalIDString = 0F2396442F895E7400FC9A0D;
			remoteInfo = "Student Assignment Reminder";
		};
		0F2396602F895E7600FC9A0D /* PBXContainerItemProxy */ = {
			isa = PBXContainerItemProxy;
			containerPortal = 0F23963D2F895E7400FC9A0D /* Project object */;
			proxyType = 1;
			remoteGlobalIDString = 0F2396442F895E7400FC9A0D;
			remoteInfo = "Student Assignment Reminder";
		};
/* End PBXContainerItemProxy section */

/* Begin PBXFileReference section */
		0F2396452F895E7400FC9A0D /* Student Assignment Reminder.app */ = {isa = PBXFileReference; explicitFileType = wrapper.application; includeInIndex = 0; path = "Student Assignment Reminder.app"; sourceTree = BUILT_PRODUCTS_DIR; };
		0F2396482F895E7400FC9A0D /* Student_Assignment_ReminderApp.swift */ = {isa = PBXFileReference; lastKnownFileType = sourcecode.swift; path = Student_Assignment_ReminderApp.swift; sourceTree = "<group>"; };
		0F23964A2F895E7400FC9A0D /* ContentView.swift */ = {isa = PBXFileReference; lastKnownFileType = sourcecode.swift; path = ContentView.swift; sourceTree = "<group>"; };
		0F23964C2F895E7600FC9A0D /* Assets.xcassets */ = {isa = PBXFileReference; lastKnownFileType = folder.assetcatalog; path = Assets.xcassets; sourceTree = "<group>"; };
		0F23964F2F895E7600FC9A0D /* Preview Assets.xcassets */ = {isa = PBXFileReference; lastKnownFileType = folder.assetcatalog; path = "Preview Assets.xcassets"; sourceTree = "<group>"; };
		0F2396552F895E7600FC9A0D /* Student Assignment ReminderTests.xctest */ = {isa = PBXFileReference; explicitFileType = wrapper.cfbundle; includeInIndex = 0; path = "Student Assignment ReminderTests.xctest"; sourceTree = BUILT_PRODUCTS_DIR; };
		0F2396592F895E7600FC9A0D /* Student_Assignment_ReminderTests.swift */ = {isa = PBXFileReference; lastKnownFileType = sourcecode.swift; path = Student_Assignment_ReminderTests.swift; sourceTree = "<group>"; };
		0F23965F2F895E7600FC9A0D /* Student Assignment ReminderUITests.xctest */ = {isa = PBXFileReference; explicitFileType = wrapper.cfbundle; includeInIndex = 0; path = "Student Assignment ReminderUITests.xctest"; sourceTree = BUILT_PRODUCTS_DIR; };
		0F2396632F895E7600FC9A0D /* Student_Assignment_ReminderUITests.swift */ = {isa = PBXFileReference; lastKnownFileType = sourcecode.swift; path = Student_Assignment_ReminderUITests.swift; sourceTree = "<group>"; };
		0F2396652F895E7600FC9A0D /* Student_Assignment_ReminderUITestsLaunchTests.swift */ = {isa = PBXFileReference; lastKnownFileType = sourcecode.swift; path = Student_Assignment_ReminderUITestsLaunchTests.swift; sourceTree = "<group>"; };
/* End PBXFileReference section */

/* Begin PBXFrameworksBuildPhase section */
		0F2396422F895E7400FC9A0D /* Frameworks */ = {
			isa = PBXFrameworksBuildPhase;
			buildActionMask = 2147483647;
			files = (
			);
			runOnlyForDeploymentPostprocessing = 0;
		};
		0F2396522F895E7600FC9A0D /* Frameworks */ = {
			isa = PBXFrameworksBuildPhase;
			buildActionMask = 2147483647;
			files = (
			);
			runOnlyForDeploymentPostprocessing = 0;
		};
		0F23965C2F895E7600FC9A0D /* Frameworks */ = {
			isa = PBXFrameworksBuildPhase;
			buildActionMask = 2147483647;
			files = (
			);
			runOnlyForDeploymentPostprocessing = 0;
		};
/* End PBXFrameworksBuildPhase section */

/* Begin PBXGroup section */
		0F23963C2F895E7400FC9A0D = {
			isa = PBXGroup;
			children = (
				0F2396472F895E7400FC9A0D /* Student Assignment Reminder */,
				0F2396582F895E7600FC9A0D /* Student Assignment ReminderTests */,
				0F2396622F895E7600FC9A0D /* Student Assignment ReminderUITests */,
				0F2396462F895E7400FC9A0D /* Products */,
			);
			sourceTree = "<group>";
		};
		0F2396462F895E7400FC9A0D /* Products */ = {
			isa = PBXGroup;
			children = (
				0F2396452F895E7400FC9A0D /* Student Assignment Reminder.app */,
				0F2396552F895E7600FC9A0D /* Student Assignment ReminderTests.xctest */,
				0F23965F2F895E7600FC9A0D /* Student Assignment ReminderUITests.xctest */,
			);
			name = Products;
			sourceTree = "<group>";
		};
		0F2396472F895E7400FC9A0D /* Student Assignment Reminder */ = {
			isa = PBXGroup;
			children = (
				0F2396482F895E7400FC9A0D /* Student_Assignment_ReminderApp.swift */,
				0F23964A2F895E7400FC9A0D /* ContentView.swift */,
				0F23964C2F895E7600FC9A0D /* Assets.xcassets */,
				0F23964E2F895E7600FC9A0D /* Preview Content */,
			);
			path = "Student Assignment Reminder";
			sourceTree = "<group>";
		};
		0F23964E2F895E7600FC9A0D /* Preview Content */ = {
			isa = PBXGroup;
			children = (
				0F23964F2F895E7600FC9A0D /* Preview Assets.xcassets */,
			);
			path = "Preview Content";
			sourceTree = "<group>";
		};
		0F2396582F895E7600FC9A0D /* Student Assignment ReminderTests */ = {
			isa = PBXGroup;
			children = (
				0F2396592F895E7600FC9A0D /* Student_Assignment_ReminderTests.swift */,
			);
			path = "Student Assignment ReminderTests";
			sourceTree = "<group>";
		};
		0F2396622F895E7600FC9A0D /* Student Assignment ReminderUITests */ = {
			isa = PBXGroup;
			children = (
				0F2396632F895E7600FC9A0D /* Student_Assignment_ReminderUITests.swift */,
				0F2396652F895E7600FC9A0D /* Student_Assignment_ReminderUITestsLaunchTests.swift */,
			);
			path = "Student Assignment ReminderUITests";
			sourceTree = "<group>";
		};
/* End PBXGroup section */

/* Begin PBXNativeTarget section */
		0F2396442F895E7400FC9A0D /* Student Assignment Reminder */ = {
			isa = PBXNativeTarget;
			buildConfigurationList = 0F2396692F895E7600FC9A0D /* Build configuration list for PBXNativeTarget "Student Assignment Reminder" */;
			buildPhases = (
				0F2396412F895E7400FC9A0D /* Sources */,
				0F2396422F895E7400FC9A0D /* Frameworks */,
				0F2396432F895E7400FC9A0D /* Resources */,
			);
			buildRules = (
			);
			dependencies = (
			);
			name = "Student Assignment Reminder";
			productName = "Student Assignment Reminder";
			productReference = 0F2396452F895E7400FC9A0D /* Student Assignment Reminder.app */;
			productType = "com.apple.product-type.application";
		};
		0F2396542F895E7600FC9A0D /* Student Assignment ReminderTests */ = {
			isa = PBXNativeTarget;
			buildConfigurationList = 0F23966C2F895E7600FC9A0D /* Build configuration list for PBXNativeTarget "Student Assignment ReminderTests" */;
			buildPhases = (
				0F2396512F895E7600FC9A0D /* Sources */,
				0F2396522F895E7600FC9A0D /* Frameworks */,
				0F2396532F895E7600FC9A0D /* Resources */,
			);
			buildRules = (
			);
			dependencies = (
				0F2396572F895E7600FC9A0D /* PBXTargetDependency */,
			);
			name = "Student Assignment ReminderTests";
			productName = "Student Assignment ReminderTests";
			productReference = 0F2396552F895E7600FC9A0D /* Student Assignment ReminderTests.xctest */;
			productType = "com.apple.product-type.bundle.unit-test";
		};
		0F23965E2F895E7600FC9A0D /* Student Assignment ReminderUITests */ = {
			isa = PBXNativeTarget;
			buildConfigurationList = 0F23966F2F895E7600FC9A0D /* Build configuration list for PBXNativeTarget "Student Assignment ReminderUITests" */;
			buildPhases = (
				0F23965B2F895E7600FC9A0D /* Sources */,
				0F23965C2F895E7600FC9A0D /* Frameworks */,
				0F23965D2F895E7600FC9A0D /* Resources */,
			);
			buildRules = (
			);
			dependencies = (
				0F2396612F895E7600FC9A0D /* PBXTargetDependency */,
			);
			name = "Student Assignment ReminderUITests";
			productName = "Student Assignment ReminderUITests";
			productReference = 0F23965F2F895E7600FC9A0D /* Student Assignment ReminderUITests.xctest */;
			productType = "com.apple.product-type.bundle.ui-testing";
		};
/* End PBXNativeTarget section */

/* Begin PBXProject section */
		0F23963D2F895E7400FC9A0D /* Project object */ = {
			isa = PBXProject;
			attributes = {
				BuildIndependentTargetsInParallel = 1;
				LastSwiftUpdateCheck = 1540;
				LastUpgradeCheck = 1540;
				TargetAttributes = {
					0F2396442F895E7400FC9A0D = {
						CreatedOnToolsVersion = 15.4;
					};
					0F2396542F895E7600FC9A0D = {
						CreatedOnToolsVersion = 15.4;
						TestTargetID = 0F2396442F895E7400FC9A0D;
					};
					0F23965E2F895E7600FC9A0D = {
						CreatedOnToolsVersion = 15.4;
						TestTargetID = 0F2396442F895E7400FC9A0D;
					};
				};
			};
			buildConfigurationList = 0F2396402F895E7400FC9A0D /* Build configuration list for PBXProject "Student Assignment Reminder" */;
			compatibilityVersion = "Xcode 14.0";
			developmentRegion = en;
			hasScannedForEncodings = 0;
			knownRegions = (
				en,
				Base,
			);
			mainGroup = 0F23963C2F895E7400FC9A0D;
			productRefGroup = 0F2396462F895E7400FC9A0D /* Products */;
			projectDirPath = "";
			projectRoot = "";
			targets = (
				0F2396442F895E7400FC9A0D /* Student Assignment Reminder */,
				0F2396542F895E7600FC9A0D /* Student Assignment ReminderTests */,
				0F23965E2F895E7600FC9A0D /* Student Assignment ReminderUITests */,
			);
		};
/* End PBXProject section */

/* Begin PBXResourcesBuildPhase section */
		0F2396432F895E7400FC9A0D /* Resources */ = {
			isa = PBXResourcesBuildPhase;
			buildActionMask = 2147483647;
			files = (
				0F2396502F895E7600FC9A0D /* Preview Assets.xcassets in Resources */,
				0F23964D2F895E7600FC9A0D /* Assets.xcassets in Resources */,
			);
			runOnlyForDeploymentPostprocessing = 0;
		};
		0F2396532F895E7600FC9A0D /* Resources */ = {
			isa = PBXResourcesBuildPhase;
			buildActionMask = 2147483647;
			files = (
			);
			runOnlyForDeploymentPostprocessing = 0;
		};
		0F23965D2F895E7600FC9A0D /* Resources */ = {
			isa = PBXResourcesBuildPhase;
			buildActionMask = 2147483647;
			files = (
			);
			runOnlyForDeploymentPostprocessing = 0;
		};
/* End PBXResourcesBuildPhase section */

/* Begin PBXSourcesBuildPhase section */
		0F2396412F895E7400FC9A0D /* Sources */ = {
			isa = PBXSourcesBuildPhase;
			buildActionMask = 2147483647;
			files = (
				0F23964B2F895E7400FC9A0D /* ContentView.swift in Sources */,
				0F2396492F895E7400FC9A0D /* Student_Assignment_ReminderApp.swift in Sources */,
			);
			runOnlyForDeploymentPostprocessing = 0;
		};
		0F2396512F895E7600FC9A0D /* Sources */ = {
			isa = PBXSourcesBuildPhase;
			buildActionMask = 2147483647;
			files = (
				0F23965A2F895E7600FC9A0D /* Student_Assignment_ReminderTests.swift in Sources */,
			);
			runOnlyForDeploymentPostprocessing = 0;
		};
		0F23965B2F895E7600FC9A0D /* Sources */ = {
			isa = PBXSourcesBuildPhase;
			buildActionMask = 2147483647;
			files = (
				0F2396642F895E7600FC9A0D /* Student_Assignment_ReminderUITests.swift in Sources */,
				0F2396662F895E7600FC9A0D /* Student_Assignment_ReminderUITestsLaunchTests.swift in Sources */,
			);
			runOnlyForDeploymentPostprocessing = 0;
		};
/* End PBXSourcesBuildPhase section */

/* Begin PBXTargetDependency section */
		0F2396572F895E7600FC9A0D /* PBXTargetDependency */ = {
			isa = PBXTargetDependency;
			target = 0F2396442F895E7400FC9A0D /* Student Assignment Reminder */;
			targetProxy = 0F2396562F895E7600FC9A0D /* PBXContainerItemProxy */;
		};
		0F2396612F895E7600FC9A0D /* PBXTargetDependency */ = {
			isa = PBXTargetDependency;
			target = 0F2396442F895E7400FC9A0D /* Student Assignment Reminder */;
			targetProxy = 0F2396602F895E7600FC9A0D /* PBXContainerItemProxy */;
		};
/* End PBXTargetDependency section */

/* Begin XCBuildConfiguration section */
		0F2396672F895E7600FC9A0D /* Debug */ = {
			isa = XCBuildConfiguration;
			buildSettings = {
				ALWAYS_SEARCH_USER_PATHS = NO;
				ASSETCATALOG_COMPILER_GENERATE_SWIFT_ASSET_SYMBOL_EXTENSIONS = YES;
				CLANG_ANALYZER_NONNULL = YES;
				CLANG_ANALYZER_NUMBER_OBJECT_CONVERSION = YES_AGGRESSIVE;
				CLANG_CXX_LANGUAGE_STANDARD = "gnu++20";
				CLANG_ENABLE_MODULES = YES;
				CLANG_ENABLE_OBJC_ARC = YES;
				CLANG_ENABLE_OBJC_WEAK = YES;
				CLANG_WARN_BLOCK_CAPTURE_AUTORELEASING = YES;
				CLANG_WARN_BOOL_CONVERSION = YES;
				CLANG_WARN_COMMA = YES;
				CLANG_WARN_CONSTANT_CONVERSION = YES;
				CLANG_WARN_DEPRECATED_OBJC_IMPLEMENTATIONS = YES;
				CLANG_WARN_DIRECT_OBJC_ISA_USAGE = YES_ERROR;
				CLANG_WARN_DOCUMENTATION_COMMENTS = YES;
				CLANG_WARN_EMPTY_BODY = YES;
				CLANG_WARN_ENUM_CONVERSION = YES;
				CLANG_WARN_INFINITE_RECURSION = YES;
				CLANG_WARN_INT_CONVERSION = YES;
				CLANG_WARN_NON_LITERAL_NULL_CONVERSION = YES;
				CLANG_WARN_OBJC_IMPLICIT_RETAIN_SELF = YES;
				CLANG_WARN_OBJC_LITERAL_CONVERSION = YES;
				CLANG_WARN_OBJC_ROOT_CLASS = YES_ERROR;
				CLANG_WARN_QUOTED_INCLUDE_IN_FRAMEWORK_HEADER = YES;
				CLANG_WARN_RANGE_LOOP_ANALYSIS = YES;
				CLANG_WARN_STRICT_PROTOTYPES = YES;
				CLANG_WARN_SUSPICIOUS_MOVE = YES;
				CLANG_WARN_UNGUARDED_AVAILABILITY = YES_AGGRESSIVE;
				CLANG_WARN_UNREACHABLE_CODE = YES;
				CLANG_WARN__DUPLICATE_METHOD_MATCH = YES;
				COPY_PHASE_STRIP = NO;
				DEBUG_INFORMATION_FORMAT = dwarf;
				ENABLE_STRICT_OBJC_MSGSEND = YES;
				ENABLE_TESTABILITY = YES;
				ENABLE_USER_SCRIPT_SANDBOXING = YES;
				GCC_C_LANGUAGE_STANDARD = gnu17;
				GCC_DYNAMIC_NO_PIC = NO;
				GCC_NO_COMMON_BLOCKS = YES;
				GCC_OPTIMIZATION_LEVEL = 0;
				GCC_PREPROCESSOR_DEFINITIONS = (
					"DEBUG=1",
					"$(inherited)",
				);
				GCC_WARN_64_TO_32_BIT_CONVERSION = YES;
				GCC_WARN_ABOUT_RETURN_TYPE = YES_ERROR;
				GCC_WARN_UNDECLARED_SELECTOR = YES;
				GCC_WARN_UNINITIALIZED_AUTOS = YES_AGGRESSIVE;
				GCC_WARN_UNUSED_FUNCTION = YES;
				GCC_WARN_UNUSED_VARIABLE = YES;
				IPHONEOS_DEPLOYMENT_TARGET = 17.5;
				LOCALIZATION_PREFERS_STRING_CATALOGS = YES;
				MTL_ENABLE_DEBUG_INFO = INCLUDE_SOURCE;
				MTL_FAST_MATH = YES;
				ONLY_ACTIVE_ARCH = YES;
				SDKROOT = iphoneos;
				SWIFT_ACTIVE_COMPILATION_CONDITIONS = "DEBUG $(inherited)";
				SWIFT_OPTIMIZATION_LEVEL = "-Onone";
			};
			name = Debug;
		};
		0F2396682F895E7600FC9A0D /* Release */ = {
			isa = XCBuildConfiguration;
			buildSettings = {
				ALWAYS_SEARCH_USER_PATHS = NO;
				ASSETCATALOG_COMPILER_GENERATE_SWIFT_ASSET_SYMBOL_EXTENSIONS = YES;
				CLANG_ANALYZER_NONNULL = YES;
				CLANG_ANALYZER_NUMBER_OBJECT_CONVERSION = YES_AGGRESSIVE;
				CLANG_CXX_LANGUAGE_STANDARD = "gnu++20";
				CLANG_ENABLE_MODULES = YES;
				CLANG_ENABLE_OBJC_ARC = YES;
				CLANG_ENABLE_OBJC_WEAK = YES;
				CLANG_WARN_BLOCK_CAPTURE_AUTORELEASING = YES;
				CLANG_WARN_BOOL_CONVERSION = YES;
				CLANG_WARN_COMMA = YES;
				CLANG_WARN_CONSTANT_CONVERSION = YES;
				CLANG_WARN_DEPRECATED_OBJC_IMPLEMENTATIONS = YES;
				CLANG_WARN_DIRECT_OBJC_ISA_USAGE = YES_ERROR;
				CLANG_WARN_DOCUMENTATION_COMMENTS = YES;
				CLANG_WARN_EMPTY_BODY = YES;
				CLANG_WARN_ENUM_CONVERSION = YES;
				CLANG_WARN_INFINITE_RECURSION = YES;
				CLANG_WARN_INT_CONVERSION = YES;
				CLANG_WARN_NON_LITERAL_NULL_CONVERSION = YES;
				CLANG_WARN_OBJC_IMPLICIT_RETAIN_SELF = YES;
				CLANG_WARN_OBJC_LITERAL_CONVERSION = YES;
				CLANG_WARN_OBJC_ROOT_CLASS = YES_ERROR;
				CLANG_WARN_QUOTED_INCLUDE_IN_FRAMEWORK_HEADER = YES;
				CLANG_WARN_RANGE_LOOP_ANALYSIS = YES;
				CLANG_WARN_STRICT_PROTOTYPES = YES;
				CLANG_WARN_SUSPICIOUS_MOVE = YES;
				CLANG_WARN_UNGUARDED_AVAILABILITY = YES_AGGRESSIVE;
				CLANG_WARN_UNREACHABLE_CODE = YES;
				CLANG_WARN__DUPLICATE_METHOD_MATCH = YES;
				COPY_PHASE_STRIP = NO;
				DEBUG_INFORMATION_FORMAT = "dwarf-with-dsym";
				ENABLE_NS_ASSERTIONS = NO;
				ENABLE_STRICT_OBJC_MSGSEND = YES;
				ENABLE_USER_SCRIPT_SANDBOXING = YES;
				GCC_C_LANGUAGE_STANDARD = gnu17;
				GCC_NO_COMMON_BLOCKS = YES;
				GCC_WARN_64_TO_32_BIT_CONVERSION = YES;
				GCC_WARN_ABOUT_RETURN_TYPE = YES_ERROR;
				GCC_WARN_UNDECLARED_SELECTOR = YES;
				GCC_WARN_UNINITIALIZED_AUTOS = YES_AGGRESSIVE;
				GCC_WARN_UNUSED_FUNCTION = YES;
				GCC_WARN_UNUSED_VARIABLE = YES;
				IPHONEOS_DEPLOYMENT_TARGET = 17.5;
				LOCALIZATION_PREFERS_STRING_CATALOGS = YES;
				MTL_ENABLE_DEBUG_INFO = NO;
				MTL_FAST_MATH = YES;
				SDKROOT = iphoneos;
				SWIFT_COMPILATION_MODE = wholemodule;
				VALIDATE_PRODUCT = YES;
			};
			name = Release;
		};
		0F23966A2F895E7600FC9A0D /* Debug */ = {
			isa = XCBuildConfiguration;
			buildSettings = {
				ASSETCATALOG_COMPILER_APPICON_NAME = AppIcon;
				ASSETCATALOG_COMPILER_GLOBAL_ACCENT_COLOR_NAME = AccentColor;
				CODE_SIGN_STYLE = Automatic;
				CURRENT_PROJECT_VERSION = 1;
				DEVELOPMENT_ASSET_PATHS = "\"Student Assignment Reminder/Preview Content\"";
				ENABLE_PREVIEWS = YES;
				GENERATE_INFOPLIST_FILE = YES;
				INFOPLIST_KEY_UIApplicationSceneManifest_Generation = YES;
				INFOPLIST_KEY_UIApplicationSupportsIndirectInputEvents = YES;
				INFOPLIST_KEY_UILaunchScreen_Generation = YES;
				INFOPLIST_KEY_UISupportedInterfaceOrientations_iPad = "UIInterfaceOrientationPortrait UIInterfaceOrientationPortraitUpsideDown UIInterfaceOrientationLandscapeLeft UIInterfaceOrientationLandscapeRight";
				INFOPLIST_KEY_UISupportedInterfaceOrientations_iPhone = "UIInterfaceOrientationPortrait UIInterfaceOrientationLandscapeLeft UIInterfaceOrientationLandscapeRight";
				LD_RUNPATH_SEARCH_PATHS = (
					"$(inherited)",
					"@executable_path/Frameworks",
				);
				MARKETING_VERSION = 1.0;
				PRODUCT_BUNDLE_IDENTIFIER = "-2345678.Student-Assignment-Reminder";
				PRODUCT_NAME = "$(TARGET_NAME)";
				SWIFT_EMIT_LOC_STRINGS = YES;
				SWIFT_VERSION = 5.0;
				TARGETED_DEVICE_FAMILY = "1,2";
			};
			name = Debug;
		};
		0F23966B2F895E7600FC9A0D /* Release */ = {
			isa = XCBuildConfiguration;
			buildSettings = {
				ASSETCATALOG_COMPILER_APPICON_NAME = AppIcon;
				ASSETCATALOG_COMPILER_GLOBAL_ACCENT_COLOR_NAME = AccentColor;
				CODE_SIGN_STYLE = Automatic;
				CURRENT_PROJECT_VERSION = 1;
				DEVELOPMENT_ASSET_PATHS = "\"Student Assignment Reminder/Preview Content\"";
				ENABLE_PREVIEWS = YES;
				GENERATE_INFOPLIST_FILE = YES;
				INFOPLIST_KEY_UIApplicationSceneManifest_Generation = YES;
				INFOPLIST_KEY_UIApplicationSupportsIndirectInputEvents = YES;
				INFOPLIST_KEY_UILaunchScreen_Generation = YES;
				INFOPLIST_KEY_UISupportedInterfaceOrientations_iPad = "UIInterfaceOrientationPortrait UIInterfaceOrientationPortraitUpsideDown UIInterfaceOrientationLandscapeLeft UIInterfaceOrientationLandscapeRight";
				INFOPLIST_KEY_UISupportedInterfaceOrientations_iPhone = "UIInterfaceOrientationPortrait UIInterfaceOrientationLandscapeLeft UIInterfaceOrientationLandscapeRight";
				LD_RUNPATH_SEARCH_PATHS = (
					"$(inherited)",
					"@executable_path/Frameworks",
				);
				MARKETING_VERSION = 1.0;
				PRODUCT_BUNDLE_IDENTIFIER = "-2345678.Student-Assignment-Reminder";
				PRODUCT_NAME = "$(TARGET_NAME)";
				SWIFT_EMIT_LOC_STRINGS = YES;
				SWIFT_VERSION = 5.0;
				TARGETED_DEVICE_FAMILY = "1,2";
			};
			name = Release;
		};
		0F23966D2F895E7600FC9A0D /* Debug */ = {
			isa = XCBuildConfiguration;
			buildSettings = {
				ALWAYS_EMBED_SWIFT_STANDARD_LIBRARIES = YES;
				BUNDLE_LOADER = "$(TEST_HOST)";
				CODE_SIGN_STYLE = Automatic;
				CURRENT_PROJECT_VERSION = 1;
				GENERATE_INFOPLIST_FILE = YES;
				IPHONEOS_DEPLOYMENT_TARGET = 17.5;
				MARKETING_VERSION = 1.0;
				PRODUCT_BUNDLE_IDENTIFIER = "-2345678.Student-Assignment-ReminderTests";
				PRODUCT_NAME = "$(TARGET_NAME)";
				SWIFT_EMIT_LOC_STRINGS = NO;
				SWIFT_VERSION = 5.0;
				TARGETED_DEVICE_FAMILY = "1,2";
				TEST_HOST = "$(BUILT_PRODUCTS_DIR)/Student Assignment Reminder.app/$(BUNDLE_EXECUTABLE_FOLDER_PATH)/Student Assignment Reminder";
			};
			name = Debug;
		};
		0F23966E2F895E7600FC9A0D /* Release */ = {
			isa = XCBuildConfiguration;
			buildSettings = {
				ALWAYS_EMBED_SWIFT_STANDARD_LIBRARIES = YES;
				BUNDLE_LOADER = "$(TEST_HOST)";
				CODE_SIGN_STYLE = Automatic;
				CURRENT_PROJECT_VERSION = 1;
				GENERATE_INFOPLIST_FILE = YES;
				IPHONEOS_DEPLOYMENT_TARGET = 17.5;
				MARKETING_VERSION = 1.0;
				PRODUCT_BUNDLE_IDENTIFIER = "-2345678.Student-Assignment-ReminderTests";
				PRODUCT_NAME = "$(TARGET_NAME)";
				SWIFT_EMIT_LOC_STRINGS = NO;
				SWIFT_VERSION = 5.0;
				TARGETED_DEVICE_FAMILY = "1,2";
				TEST_HOST = "$(BUILT_PRODUCTS_DIR)/Student Assignment Reminder.app/$(BUNDLE_EXECUTABLE_FOLDER_PATH)/Student Assignment Reminder";
			};
			name = Release;
		};
		0F2396702F895E7600FC9A0D /* Debug */ = {
			isa = XCBuildConfiguration;
			buildSettings = {
				ALWAYS_EMBED_SWIFT_STANDARD_LIBRARIES = YES;
				CODE_SIGN_STYLE = Automatic;
				CURRENT_PROJECT_VERSION = 1;
				GENERATE_INFOPLIST_FILE = YES;
				MARKETING_VERSION = 1.0;
				PRODUCT_BUNDLE_IDENTIFIER = "-2345678.Student-Assignment-ReminderUITests";
				PRODUCT_NAME = "$(TARGET_NAME)";
				SWIFT_EMIT_LOC_STRINGS = NO;
				SWIFT_VERSION = 5.0;
				TARGETED_DEVICE_FAMILY = "1,2";
				TEST_TARGET_NAME = "Student Assignment Reminder";
			};
			name = Debug;
		};
		0F2396712F895E7600FC9A0D /* Release */ = {
			isa = XCBuildConfiguration;
			buildSettings = {
				ALWAYS_EMBED_SWIFT_STANDARD_LIBRARIES = YES;
				CODE_SIGN_STYLE = Automatic;
				CURRENT_PROJECT_VERSION = 1;
				GENERATE_INFOPLIST_FILE = YES;
				MARKETING_VERSION = 1.0;
				PRODUCT_BUNDLE_IDENTIFIER = "-2345678.Student-Assignment-ReminderUITests";
				PRODUCT_NAME = "$(TARGET_NAME)";
				SWIFT_EMIT_LOC_STRINGS = NO;
				SWIFT_VERSION = 5.0;
				TARGETED_DEVICE_FAMILY = "1,2";
				TEST_TARGET_NAME = "Student Assignment Reminder";
			};
			name = Release;
		};
/* End XCBuildConfiguration section */

/* Begin XCConfigurationList section */
		0F2396402F895E7400FC9A0D /* Build configuration list for PBXProject "Student Assignment Reminder" */ = {
			isa = XCConfigurationList;
			buildConfigurations = (
				0F2396672F895E7600FC9A0D /* Debug */,
				0F2396682F895E7600FC9A0D /* Release */,
			);
			defaultConfigurationIsVisible = 0;
			defaultConfigurationName = Release;
		};
		0F2396692F895E7600FC9A0D /* Build configuration list for PBXNativeTarget "Student Assignment Reminder" */ = {
			isa = XCConfigurationList;
			buildConfigurations = (
				0F23966A2F895E7600FC9A0D /* Debug */,
				0F23966B2F895E7600FC9A0D /* Release */,
			);
			defaultConfigurationIsVisible = 0;
			defaultConfigurationName = Release;
		};
		0F23966C2F895E7600FC9A0D /* Build configuration list for PBXNativeTarget "Student Assignment ReminderTests" */ = {
			isa = XCConfigurationList;
			buildConfigurations = (
				0F23966D2F895E7600FC9A0D /* Debug */,
				0F23966E2F895E7600FC9A0D /* Release */,
			);
			defaultConfigurationIsVisible = 0;
			defaultConfigurationName = Release;
		};
		0F23966F2F895E7600FC9A0D /* Build configuration list for PBXNativeTarget "Student Assignment ReminderUITests" */ = {
			isa = XCConfigurationList;
			buildConfigurations = (
				0F2396702F895E7600FC9A0D /* Debug */,
				0F2396712F895E7600FC9A0D /* Release */,
			);
			defaultConfigurationIsVisible = 0;
			defaultConfigurationName = Release;
		};
/* End XCConfigurationList section */
	};
	rootObject = 0F23963D2F895E7400FC9A0D /* Project object */;
}
